// !$*UTF8*$!
{
	archiveVersion = 1;
	classes = {
	};
	objectVersion = 55;
	objects = {

/* Begin PBXBuildFile section */
		74C0EA92282A115A005E65A2 /* AppDelegate.swift in Sources */ = {isa = PBXBuildFile; fileRef = 74C0EA91282A115A005E65A2 /* AppDelegate.swift */; };
		74C0EA94282A115A005E65A2 /* SceneDelegate.swift in Sources */ = {isa = PBXBuildFile; fileRef = 74C0EA93282A115A005E65A2 /* SceneDelegate.swift */; };
		74C0EA96282A115A005E65A2 /* RepositoriesViewController.swift in Sources */ = {isa = PBXBuildFile; fileRef = 74C0EA95282A115A005E65A2 /* RepositoriesViewController.swift */; };
		74C0EA99282A115A005E65A2 /* Main.storyboard in Resources */ = {isa = PBXBuildFile; fileRef = 74C0EA97282A115A005E65A2 /* Main.storyboard */; };
		74C0EA9B282A1160005E65A2 /* Assets.xcassets in Resources */ = {isa = PBXBuildFile; fileRef = 74C0EA9A282A1160005E65A2 /* Assets.xcassets */; };
		74C0EA9E282A1160005E65A2 /* LaunchScreen.storyboard in Resources */ = {isa = PBXBuildFile; fileRef = 74C0EA9C282A1160005E65A2 /* LaunchScreen.storyboard */; };
		74C0EAA9282A43B6005E65A2 /* RepositoriesViewModel.swift in Sources */ = {isa = PBXBuildFile; fileRef = 74C0EAA8282A43B6005E65A2 /* RepositoriesViewModel.swift */; };
		74C0EAAC282A498C005E65A2 /* APIManager.swift in Sources */ = {isa = PBXBuildFile; fileRef = 74C0EAAB282A498C005E65A2 /* APIManager.swift */; };
		74C0EAAF282A4A4E005E65A2 /* Repository.swift in Sources */ = {isa = PBXBuildFile; fileRef = 74C0EAAE282A4A4E005E65A2 /* Repository.swift */; };
		74C0EAB3282A5A88005E65A2 /* SettingsViewController.swift in Sources */ = {isa = PBXBuildFile; fileRef = 74C0EAB2282A5A88005E65A2 /* SettingsViewController.swift */; };
		74C0EAB7282A5AAA005E65A2 /* SettingsViewModel.swift in Sources */ = {isa = PBXBuildFile; fileRef = 74C0EAB6282A5AAA005E65A2 /* SettingsViewModel.swift */; };
		74C0EABA282B0B43005E65A2 /* UIView+Round.swift in Sources */ = {isa = PBXBuildFile; fileRef = 74C0EAB9282B0B42005E65A2 /* UIView+Round.swift */; };
		74C0EABC282B0CC5005E65A2 /* UIApplication+Version.swift in Sources */ = {isa = PBXBuildFile; fileRef = 74C0EABB282B0CC5005E65A2 /* UIApplication+Version.swift */; };
		74C0EAC4282B52F2005E65A2 /* VacasaTests.swift in Sources */ = {isa = PBXBuildFile; fileRef = 74C0EAC3282B52F2005E65A2 /* VacasaTests.swift */; };
		74C0EACA282B5357005E65A2 /* RepositoriesViewModel.swift in Sources */ = {isa = PBXBuildFile; fileRef = 74C0EAA8282A43B6005E65A2 /* RepositoriesViewModel.swift */; };
		74C0EACB282B542F005E65A2 /* APIManager.swift in Sources */ = {isa = PBXBuildFile; fileRef = 74C0EAAB282A498C005E65A2 /* APIManager.swift */; };
		74C0EACC282B54FC005E65A2 /* Repository.swift in Sources */ = {isa = PBXBuildFile; fileRef = 74C0EAAE282A4A4E005E65A2 /* Repository.swift */; };
/* End PBXBuildFile section */

/* Begin PBXContainerItemProxy section */
		74C0EAC5282B52F2005E65A2 /* PBXContainerItemProxy */ = {
			isa = PBXContainerItemProxy;
			containerPortal = 74C0EA86282A115A005E65A2 /* Project object */;
			proxyType = 1;
			remoteGlobalIDString = 74C0EA8D282A115A005E65A2;
			remoteInfo = Vacasa;
		};
/* End PBXContainerItemProxy section */

/* Begin PBXFileReference section */
		74C0EA8E282A115A005E65A2 /* Vacasa.app */ = {isa = PBXFileReference; explicitFileType = wrapper.application; includeInIndex = 0; path = Vacasa.app; sourceTree = BUILT_PRODUCTS_DIR; };
		74C0EA91282A115A005E65A2 /* AppDelegate.swift */ = {isa = PBXFileReference; lastKnownFileType = sourcecode.swift; path = AppDelegate.swift; sourceTree = "<group>"; };
		74C0EA93282A115A005E65A2 /* SceneDelegate.swift */ = {isa = PBXFileReference; lastKnownFileType = sourcecode.swift; path = SceneDelegate.swift; sourceTree = "<group>"; };
		74C0EA95282A115A005E65A2 /* RepositoriesViewController.swift */ = {isa = PBXFileReference; lastKnownFileType = sourcecode.swift; path = RepositoriesViewController.swift; sourceTree = "<group>"; };
		74C0EA98282A115A005E65A2 /* Base */ = {isa = PBXFileReference; lastKnownFileType = file.storyboard; name = Base; path = Base.lproj/Main.storyboard; sourceTree = "<group>"; };
		74C0EA9A282A1160005E65A2 /* Assets.xcassets */ = {isa = PBXFileReference; lastKnownFileType = folder.assetcatalog; path = Assets.xcassets; sourceTree = "<group>"; };
		74C0EA9D282A1160005E65A2 /* Base */ = {isa = PBXFileReference; lastKnownFileType = file.storyboard; name = Base; path = Base.lproj/LaunchScreen.storyboard; sourceTree = "<group>"; };
		74C0EA9F282A1160005E65A2 /* Info.plist */ = {isa = PBXFileReference; lastKnownFileType = text.plist.xml; path = Info.plist; sourceTree = "<group>"; };
		74C0EAA8282A43B6005E65A2 /* RepositoriesViewModel.swift */ = {isa = PBXFileReference; lastKnownFileType = sourcecode.swift; path = RepositoriesViewModel.swift; sourceTree = "<group>"; };
		74C0EAAB282A498C005E65A2 /* APIManager.swift */ = {isa = PBXFileReference; lastKnownFileType = sourcecode.swift; path = APIManager.swift; sourceTree = "<group>"; };
		74C0EAAE282A4A4E005E65A2 /* Repository.swift */ = {isa = PBXFileReference; lastKnownFileType = sourcecode.swift; path = Repository.swift; sourceTree = "<group>"; };
		74C0EAB2282A5A88005E65A2 /* SettingsViewController.swift */ = {isa = PBXFileReference; lastKnownFileType = sourcecode.swift; path = SettingsViewController.swift; sourceTree = "<group>"; };
		74C0EAB6282A5AAA005E65A2 /* SettingsViewModel.swift */ = {isa = PBXFileReference; lastKnownFileType = sourcecode.swift; path = SettingsViewModel.swift; sourceTree = "<group>"; };
		74C0EAB9282B0B42005E65A2 /* UIView+Round.swift */ = {isa = PBXFileReference; lastKnownFileType = sourcecode.swift; path = "UIView+Round.swift"; sourceTree = "<group>"; };
		74C0EABB282B0CC5005E65A2 /* UIApplication+Version.swift */ = {isa = PBXFileReference; lastKnownFileType = sourcecode.swift; path = "UIApplication+Version.swift"; sourceTree = "<group>"; };
		74C0EAC1282B52F2005E65A2 /* VacasaTests.xctest */ = {isa = PBXFileReference; explicitFileType = wrapper.cfbundle; includeInIndex = 0; path = VacasaTests.xctest; sourceTree = BUILT_PRODUCTS_DIR; };
		74C0EAC3282B52F2005E65A2 /* VacasaTests.swift */ = {isa = PBXFileReference; lastKnownFileType = sourcecode.swift; path = VacasaTests.swift; sourceTree = "<group>"; };
/* End PBXFileReference section */

/* Begin PBXFrameworksBuildPhase section */
		74C0EA8B282A115A005E65A2 /* Frameworks */ = {
			isa = PBXFrameworksBuildPhase;
			buildActionMask = 2147483647;
			files = (
			);
			runOnlyForDeploymentPostprocessing = 0;
		};
		74C0EABE282B52F2005E65A2 /* Frameworks */ = {
			isa = PBXFrameworksBuildPhase;
			buildActionMask = 2147483647;
			files = (
			);
			runOnlyForDeploymentPostprocessing = 0;
		};
/* End PBXFrameworksBuildPhase section */

/* Begin PBXGroup section */
		74C0EA85282A115A005E65A2 = {
			isa = PBXGroup;
			children = (
				74C0EA90282A115A005E65A2 /* Vacasa */,
				74C0EAC2282B52F2005E65A2 /* VacasaTests */,
				74C0EA8F282A115A005E65A2 /* Products */,
			);
			sourceTree = "<group>";
		};
		74C0EA8F282A115A005E65A2 /* Products */ = {
			isa = PBXGroup;
			children = (
				74C0EA8E282A115A005E65A2 /* Vacasa.app */,
				74C0EAC1282B52F2005E65A2 /* VacasaTests.xctest */,
			);
			name = Products;
			sourceTree = "<group>";
		};
		74C0EA90282A115A005E65A2 /* Vacasa */ = {
			isa = PBXGroup;
			children = (
				74C0EAB8282B0B2A005E65A2 /* Extensions */,
				74C0EAB1282A5A62005E65A2 /* Screens */,
				74C0EAAD282A4A3E005E65A2 /* Models */,
				74C0EAAA282A4973005E65A2 /* Network */,
				74C0EA91282A115A005E65A2 /* AppDelegate.swift */,
				74C0EA93282A115A005E65A2 /* SceneDelegate.swift */,
				74C0EA97282A115A005E65A2 /* Main.storyboard */,
				74C0EA9A282A1160005E65A2 /* Assets.xcassets */,
				74C0EA9C282A1160005E65A2 /* LaunchScreen.storyboard */,
				74C0EA9F282A1160005E65A2 /* Info.plist */,
			);
			path = Vacasa;
			sourceTree = "<group>";
		};
		74C0EAA5282A4378005E65A2 /* Repositories */ = {
			isa = PBXGroup;
			children = (
				74C0EAA7282A439B005E65A2 /* ViewModel */,
				74C0EAA6282A4387005E65A2 /* View */,
			);
			path = Repositories;
			sourceTree = "<group>";
		};
		74C0EAA6282A4387005E65A2 /* View */ = {
			isa = PBXGroup;
			children = (
				74C0EA95282A115A005E65A2 /* RepositoriesViewController.swift */,
			);
			path = View;
			sourceTree = "<group>";
		};
		74C0EAA7282A439B005E65A2 /* ViewModel */ = {
			isa = PBXGroup;
			children = (
				74C0EAA8282A43B6005E65A2 /* RepositoriesViewModel.swift */,
			);
			path = ViewModel;
			sourceTree = "<group>";
		};
		74C0EAAA282A4973005E65A2 /* Network */ = {
			isa = PBXGroup;
			children = (
				74C0EAAB282A498C005E65A2 /* APIManager.swift */,
			);
			path = Network;
			sourceTree = "<group>";
		};
		74C0EAAD282A4A3E005E65A2 /* Models */ = {
			isa = PBXGroup;
			children = (
				74C0EAAE282A4A4E005E65A2 /* Repository.swift */,
			);
			path = Models;
			sourceTree = "<group>";
		};
		74C0EAB0282A5A46005E65A2 /* Settings */ = {
			isa = PBXGroup;
			children = (
				74C0EAB5282A5A95005E65A2 /* ViewModel */,
				74C0EAB4282A5A8D005E65A2 /* View */,
			);
			path = Settings;
			sourceTree = "<group>";
		};
		74C0EAB1282A5A62005E65A2 /* Screens */ = {
			isa = PBXGroup;
			children = (
				74C0EAB0282A5A46005E65A2 /* Settings */,
				74C0EAA5282A4378005E65A2 /* Repositories */,
			);
			path = Screens;
			sourceTree = "<group>";
		};
		74C0EAB4282A5A8D005E65A2 /* View */ = {
			isa = PBXGroup;
			children = (
				74C0EAB2282A5A88005E65A2 /* SettingsViewController.swift */,
			);
			path = View;
			sourceTree = "<group>";
		};
		74C0EAB5282A5A95005E65A2 /* ViewModel */ = {
			isa = PBXGroup;
			children = (
				74C0EAB6282A5AAA005E65A2 /* SettingsViewModel.swift */,
			);
			path = ViewModel;
			sourceTree = "<group>";
		};
		74C0EAB8282B0B2A005E65A2 /* Extensions */ = {
			isa = PBXGroup;
			children = (
				74C0EAB9282B0B42005E65A2 /* UIView+Round.swift */,
				74C0EABB282B0CC5005E65A2 /* UIApplication+Version.swift */,
			);
			path = Extensions;
			sourceTree = "<group>";
		};
		74C0EAC2282B52F2005E65A2 /* VacasaTests */ = {
			isa = PBXGroup;
			children = (
				74C0EAC3282B52F2005E65A2 /* VacasaTests.swift */,
			);
			path = VacasaTests;
			sourceTree = "<group>";
		};
/* End PBXGroup section */

/* Begin PBXNativeTarget section */
		74C0EA8D282A115A005E65A2 /* Vacasa */ = {
			isa = PBXNativeTarget;
			buildConfigurationList = 74C0EAA2282A1160005E65A2 /* Build configuration list for PBXNativeTarget "Vacasa" */;
			buildPhases = (
				74C0EA8A282A115A005E65A2 /* Sources */,
				74C0EA8B282A115A005E65A2 /* Frameworks */,
				74C0EA8C282A115A005E65A2 /* Resources */,
			);
			buildRules = (
			);
			dependencies = (
			);
			name = Vacasa;
			productName = Vacasa;
			productReference = 74C0EA8E282A115A005E65A2 /* Vacasa.app */;
			productType = "com.apple.product-type.application";
		};
		74C0EAC0282B52F2005E65A2 /* VacasaTests */ = {
			isa = PBXNativeTarget;
			buildConfigurationList = 74C0EAC7282B52F2005E65A2 /* Build configuration list for PBXNativeTarget "VacasaTests" */;
			buildPhases = (
				74C0EABD282B52F2005E65A2 /* Sources */,
				74C0EABE282B52F2005E65A2 /* Frameworks */,
				74C0EABF282B52F2005E65A2 /* Resources */,
			);
			buildRules = (
			);
			dependencies = (
				74C0EAC6282B52F2005E65A2 /* PBXTargetDependency */,
			);
			name = VacasaTests;
			productName = VacasaTests;
			productReference = 74C0EAC1282B52F2005E65A2 /* VacasaTests.xctest */;
			productType = "com.apple.product-type.bundle.unit-test";
		};
/* End PBXNativeTarget section */

/* Begin PBXProject section */
		74C0EA86282A115A005E65A2 /* Project object */ = {
			isa = PBXProject;
			attributes = {
				BuildIndependentTargetsInParallel = 1;
				LastSwiftUpdateCheck = 1320;
				LastUpgradeCheck = 1320;
				TargetAttributes = {
					74C0EA8D282A115A005E65A2 = {
						CreatedOnToolsVersion = 13.2.1;
					};
					74C0EAC0282B52F2005E65A2 = {
						CreatedOnToolsVersion = 13.2.1;
						TestTargetID = 74C0EA8D282A115A005E65A2;
					};
				};
			};
			buildConfigurationList = 74C0EA89282A115A005E65A2 /* Build configuration list for PBXProject "Vacasa" */;
			compatibilityVersion = "Xcode 13.0";
			developmentRegion = en;
			hasScannedForEncodings = 0;
			knownRegions = (
				en,
				Base,
			);
			mainGroup = 74C0EA85282A115A005E65A2;
			productRefGroup = 74C0EA8F282A115A005E65A2 /* Products */;
			projectDirPath = "";
			projectRoot = "";
			targets = (
				74C0EA8D282A115A005E65A2 /* Vacasa */,
				74C0EAC0282B52F2005E65A2 /* VacasaTests */,
			);
		};
/* End PBXProject section */

/* Begin PBXResourcesBuildPhase section */
		74C0EA8C282A115A005E65A2 /* Resources */ = {
			isa = PBXResourcesBuildPhase;
			buildActionMask = 2147483647;
			files = (
				74C0EA9E282A1160005E65A2 /* LaunchScreen.storyboard in Resources */,
				74C0EA9B282A1160005E65A2 /* Assets.xcassets in Resources */,
				74C0EA99282A115A005E65A2 /* Main.storyboard in Resources */,
			);
			runOnlyForDeploymentPostprocessing = 0;
		};
		74C0EABF282B52F2005E65A2 /* Resources */ = {
			isa = PBXResourcesBuildPhase;
			buildActionMask = 2147483647;
			files = (
			);
			runOnlyForDeploymentPostprocessing = 0;
		};
/* End PBXResourcesBuildPhase section */

/* Begin PBXSourcesBuildPhase section */
		74C0EA8A282A115A005E65A2 /* Sources */ = {
			isa = PBXSourcesBuildPhase;
			buildActionMask = 2147483647;
			files = (
				74C0EA96282A115A005E65A2 /* RepositoriesViewController.swift in Sources */,
				74C0EA92282A115A005E65A2 /* AppDelegate.swift in Sources */,
				74C0EAB3282A5A88005E65A2 /* SettingsViewController.swift in Sources */,
				74C0EAAC282A498C005E65A2 /* APIManager.swift in Sources */,
				74C0EAA9282A43B6005E65A2 /* RepositoriesViewModel.swift in Sources */,
				74C0EA94282A115A005E65A2 /* SceneDelegate.swift in Sources */,
				74C0EABA282B0B43005E65A2 /* UIView+Round.swift in Sources */,
				74C0EABC282B0CC5005E65A2 /* UIApplication+Version.swift in Sources */,
				74C0EAAF282A4A4E005E65A2 /* Repository.swift in Sources */,
				74C0EAB7282A5AAA005E65A2 /* SettingsViewModel.swift in Sources */,
			);
			runOnlyForDeploymentPostprocessing = 0;
		};
		74C0EABD282B52F2005E65A2 /* Sources */ = {
			isa = PBXSourcesBuildPhase;
			buildActionMask = 2147483647;
			files = (
				74C0EACB282B542F005E65A2 /* APIManager.swift in Sources */,
				74C0EACA282B5357005E65A2 /* RepositoriesViewModel.swift in Sources */,
				74C0EAC4282B52F2005E65A2 /* VacasaTests.swift in Sources */,
				74C0EACC282B54FC005E65A2 /* Repository.swift in Sources */,
			);
			runOnlyForDeploymentPostprocessing = 0;
		};
/* End PBXSourcesBuildPhase section */

/* Begin PBXTargetDependency section */
		74C0EAC6282B52F2005E65A2 /* PBXTargetDependency */ = {
			isa = PBXTargetDependency;
			target = 74C0EA8D282A115A005E65A2 /* Vacasa */;
			targetProxy = 74C0EAC5282B52F2005E65A2 /* PBXContainerItemProxy */;
		};
/* End PBXTargetDependency section */

/* Begin PBXVariantGroup section */
		74C0EA97282A115A005E65A2 /* Main.storyboard */ = {
			isa = PBXVariantGroup;
			children = (
				74C0EA98282A115A005E65A2 /* Base */,
			);
			name = Main.storyboard;
			sourceTree = "<group>";
		};
		74C0EA9C282A1160005E65A2 /* LaunchScreen.storyboard */ = {
			isa = PBXVariantGroup;
			children = (
				74C0EA9D282A1160005E65A2 /* Base */,
			);
			name = LaunchScreen.storyboard;
			sourceTree = "<group>";
		};
/* End PBXVariantGroup section */

/* Begin XCBuildConfiguration section */
		74C0EAA0282A1160005E65A2 /* Debug */ = {
			isa = XCBuildConfiguration;
			buildSettings = {
				ALWAYS_SEARCH_USER_PATHS = NO;
				CLANG_ANALYZER_NONNULL = YES;
				CLANG_ANALYZER_NUMBER_OBJECT_CONVERSION = YES_AGGRESSIVE;
				CLANG_CXX_LANGUAGE_STANDARD = "gnu++17";
				CLANG_CXX_LIBRARY = "libc++";
				CLANG_ENABLE_MODULES = YES;
				CLANG_ENABLE_OBJC_ARC = YES;
				CLANG_ENABLE_OBJC_WEAK = YES;
				CLANG_WARN_BLOCK_CAPTURE_AUTORELEASING = YES;
				CLANG_WARN_BOOL_CONVERSION = YES;
				CLANG_WARN_COMMA = YES;
				CLANG_WARN_CONSTANT_CONVERSION = YES;
				CLANG_WARN_DEPRECATED_OBJC_IMPLEMENTATIONS = YES;
				CLANG_WARN_DIRECT_OBJC_ISA_USAGE = YES_ERROR;
				CLANG_WARN_DOCUMENTATION_COMMENTS = YES;
				CLANG_WARN_EMPTY_BODY = YES;
				CLANG_WARN_ENUM_CONVERSION = YES;
				CLANG_WARN_INFINITE_RECURSION = YES;
				CLANG_WARN_INT_CONVERSION = YES;
				CLANG_WARN_NON_LITERAL_NULL_CONVERSION = YES;
				CLANG_WARN_OBJC_IMPLICIT_RETAIN_SELF = YES;
				CLANG_WARN_OBJC_LITERAL_CONVERSION = YES;
				CLANG_WARN_OBJC_ROOT_CLASS = YES_ERROR;
				CLANG_WARN_QUOTED_INCLUDE_IN_FRAMEWORK_HEADER = YES;
				CLANG_WARN_RANGE_LOOP_ANALYSIS = YES;
				CLANG_WARN_STRICT_PROTOTYPES = YES;
				CLANG_WARN_SUSPICIOUS_MOVE = YES;
				CLANG_WARN_UNGUARDED_AVAILABILITY = YES_AGGRESSIVE;
				CLANG_WARN_UNREACHABLE_CODE = YES;
				CLANG_WARN__DUPLICATE_METHOD_MATCH = YES;
				COPY_PHASE_STRIP = NO;
				DEBUG_INFORMATION_FORMAT = dwarf;
				ENABLE_STRICT_OBJC_MSGSEND = YES;
				ENABLE_TESTABILITY = YES;
				GCC_C_LANGUAGE_STANDARD = gnu11;
				GCC_DYNAMIC_NO_PIC = NO;
				GCC_NO_COMMON_BLOCKS = YES;
				GCC_OPTIMIZATION_LEVEL = 0;
				GCC_PREPROCESSOR_DEFINITIONS = (
					"DEBUG=1",
					"$(inherited)",
				);
				GCC_WARN_64_TO_32_BIT_CONVERSION = YES;
				GCC_WARN_ABOUT_RETURN_TYPE = YES_ERROR;
				GCC_WARN_UNDECLARED_SELECTOR = YES;
				GCC_WARN_UNINITIALIZED_AUTOS = YES_AGGRESSIVE;
				GCC_WARN_UNUSED_FUNCTION = YES;
				GCC_WARN_UNUSED_VARIABLE = YES;
				IPHONEOS_DEPLOYMENT_TARGET = 15.2;
				MTL_ENABLE_DEBUG_INFO = INCLUDE_SOURCE;
				MTL_FAST_MATH = YES;
				ONLY_ACTIVE_ARCH = YES;
				SDKROOT = iphoneos;
				SWIFT_ACTIVE_COMPILATION_CONDITIONS = DEBUG;
				SWIFT_OPTIMIZATION_LEVEL = "-Onone";
			};
			name = Debug;
		};
		74C0EAA1282A1160005E65A2 /* Release */ = {
			isa = XCBuildConfiguration;
			buildSettings = {
				ALWAYS_SEARCH_USER_PATHS = NO;
				CLANG_ANALYZER_NONNULL = YES;
				CLANG_ANALYZER_NUMBER_OBJECT_CONVERSION = YES_AGGRESSIVE;
				CLANG_CXX_LANGUAGE_STANDARD = "gnu++17";
				CLANG_CXX_LIBRARY = "libc++";
				CLANG_ENABLE_MODULES = YES;
				CLANG_ENABLE_OBJC_ARC = YES;
				CLANG_ENABLE_OBJC_WEAK = YES;
				CLANG_WARN_BLOCK_CAPTURE_AUTORELEASING = YES;
				CLANG_WARN_BOOL_CONVERSION = YES;
				CLANG_WARN_COMMA = YES;
				CLANG_WARN_CONSTANT_CONVERSION = YES;
				CLANG_WARN_DEPRECATED_OBJC_IMPLEMENTATIONS = YES;
				CLANG_WARN_DIRECT_OBJC_ISA_USAGE = YES_ERROR;
				CLANG_WARN_DOCUMENTATION_COMMENTS = YES;
				CLANG_WARN_EMPTY_BODY = YES;
				CLANG_WARN_ENUM_CONVERSION = YES;
				CLANG_WARN_INFINITE_RECURSION = YES;
				CLANG_WARN_INT_CONVERSION = YES;
				CLANG_WARN_NON_LITERAL_NULL_CONVERSION = YES;
				CLANG_WARN_OBJC_IMPLICIT_RETAIN_SELF = YES;
				CLANG_WARN_OBJC_LITERAL_CONVERSION = YES;
				CLANG_WARN_OBJC_ROOT_CLASS = YES_ERROR;
				CLANG_WARN_QUOTED_INCLUDE_IN_FRAMEWORK_HEADER = YES;
				CLANG_WARN_RANGE_LOOP_ANALYSIS = YES;
				CLANG_WARN_STRICT_PROTOTYPES = YES;
				CLANG_WARN_SUSPICIOUS_MOVE = YES;
				CLANG_WARN_UNGUARDED_AVAILABILITY = YES_AGGRESSIVE;
				CLANG_WARN_UNREACHABLE_CODE = YES;
				CLANG_WARN__DUPLICATE_METHOD_MATCH = YES;
				COPY_PHASE_STRIP = NO;
				DEBUG_INFORMATION_FORMAT = "dwarf-with-dsym";
				ENABLE_NS_ASSERTIONS = NO;
				ENABLE_STRICT_OBJC_MSGSEND = YES;
				GCC_C_LANGUAGE_STANDARD = gnu11;
				GCC_NO_COMMON_BLOCKS = YES;
				GCC_WARN_64_TO_32_BIT_CONVERSION = YES;
				GCC_WARN_ABOUT_RETURN_TYPE = YES_ERROR;
				GCC_WARN_UNDECLARED_SELECTOR = YES;
				GCC_WARN_UNINITIALIZED_AUTOS = YES_AGGRESSIVE;
				GCC_WARN_UNUSED_FUNCTION = YES;
				GCC_WARN_UNUSED_VARIABLE = YES;
				IPHONEOS_DEPLOYMENT_TARGET = 15.2;
				MTL_ENABLE_DEBUG_INFO = NO;
				MTL_FAST_MATH = YES;
				SDKROOT = iphoneos;
				SWIFT_COMPILATION_MODE = wholemodule;
				SWIFT_OPTIMIZATION_LEVEL = "-O";
				VALIDATE_PRODUCT = YES;
			};
			name = Release;
		};
		74C0EAA3282A1160005E65A2 /* Debug */ = {
			isa = XCBuildConfiguration;
			buildSettings = {
				ASSETCATALOG_COMPILER_APPICON_NAME = AppIcon;
				ASSETCATALOG_COMPILER_GLOBAL_ACCENT_COLOR_NAME = AccentColor;
				CODE_SIGN_STYLE = Automatic;
				CURRENT_PROJECT_VERSION = 1;
				GENERATE_INFOPLIST_FILE = YES;
				INFOPLIST_FILE = Vacasa/Info.plist;
				INFOPLIST_KEY_UIApplicationSupportsIndirectInputEvents = YES;
				INFOPLIST_KEY_UILaunchStoryboardName = LaunchScreen;
				INFOPLIST_KEY_UIMainStoryboardFile = Main;
				INFOPLIST_KEY_UISupportedInterfaceOrientations_iPad = "UIInterfaceOrientationPortrait UIInterfaceOrientationPortraitUpsideDown UIInterfaceOrientationLandscapeLeft UIInterfaceOrientationLandscapeRight";
				INFOPLIST_KEY_UISupportedInterfaceOrientations_iPhone = "UIInterfaceOrientationPortrait UIInterfaceOrientationLandscapeLeft UIInterfaceOrientationLandscapeRight";
				LD_RUNPATH_SEARCH_PATHS = (
					"$(inherited)",
					"@executable_path/Frameworks",
				);
				MARKETING_VERSION = 1.0;
				PRODUCT_BUNDLE_IDENTIFIER = com.hasithademel.Vacasa;
				PRODUCT_NAME = "$(TARGET_NAME)";
				SWIFT_EMIT_LOC_STRINGS = YES;
				SWIFT_VERSION = 5.0;
				TARGETED_DEVICE_FAMILY = "1,2";
			};
			name = Debug;
		};
		74C0EAA4282A1160005E65A2 /* Release */ = {
			isa = XCBuildConfiguration;
			buildSettings = {
				ASSETCATALOG_COMPILER_APPICON_NAME = AppIcon;
				ASSETCATALOG_COMPILER_GLOBAL_ACCENT_COLOR_NAME = AccentColor;
				CODE_SIGN_STYLE = Automatic;
				CURRENT_PROJECT_VERSION = 1;
				GENERATE_INFOPLIST_FILE = YES;
				INFOPLIST_FILE = Vacasa/Info.plist;
				INFOPLIST_KEY_UIApplicationSupportsIndirectInputEvents = YES;
				INFOPLIST_KEY_UILaunchStoryboardName = LaunchScreen;
				INFOPLIST_KEY_UIMainStoryboardFile = Main;
				INFOPLIST_KEY_UISupportedInterfaceOrientations_iPad = "UIInterfaceOrientationPortrait UIInterfaceOrientationPortraitUpsideDown UIInterfaceOrientationLandscapeLeft UIInterfaceOrientationLandscapeRight";
				INFOPLIST_KEY_UISupportedInterfaceOrientations_iPhone = "UIInterfaceOrientationPortrait UIInterfaceOrientationLandscapeLeft UIInterfaceOrientationLandscapeRight";
				LD_RUNPATH_SEARCH_PATHS = (
					"$(inherited)",
					"@executable_path/Frameworks",
				);
				MARKETING_VERSION = 1.0;
				PRODUCT_BUNDLE_IDENTIFIER = com.hasithademel.Vacasa;
				PRODUCT_NAME = "$(TARGET_NAME)";
				SWIFT_EMIT_LOC_STRINGS = YES;
				SWIFT_VERSION = 5.0;
				TARGETED_DEVICE_FAMILY = "1,2";
			};
			name = Release;
		};
		74C0EAC8282B52F2005E65A2 /* Debug */ = {
			isa = XCBuildConfiguration;
			buildSettings = {
				BUNDLE_LOADER = "$(TEST_HOST)";
				CODE_SIGN_STYLE = Automatic;
				CURRENT_PROJECT_VERSION = 1;
				GENERATE_INFOPLIST_FILE = YES;
				MARKETING_VERSION = 1.0;
				PRODUCT_BUNDLE_IDENTIFIER = com.hasithademel.VacasaTests;
				PRODUCT_NAME = "$(TARGET_NAME)";
				SWIFT_EMIT_LOC_STRINGS = NO;
				SWIFT_VERSION = 5.0;
				TARGETED_DEVICE_FAMILY = "1,2";
				TEST_HOST = "$(BUILT_PRODUCTS_DIR)/Vacasa.app/Vacasa";
			};
			name = Debug;
		};
		74C0EAC9282B52F2005E65A2 /* Release */ = {
			isa = XCBuildConfiguration;
			buildSettings = {
				BUNDLE_LOADER = "$(TEST_HOST)";
				CODE_SIGN_STYLE = Automatic;
				CURRENT_PROJECT_VERSION = 1;
				GENERATE_INFOPLIST_FILE = YES;
				MARKETING_VERSION = 1.0;
				PRODUCT_BUNDLE_IDENTIFIER = com.hasithademel.VacasaTests;
				PRODUCT_NAME = "$(TARGET_NAME)";
				SWIFT_EMIT_LOC_STRINGS = NO;
				SWIFT_VERSION = 5.0;
				TARGETED_DEVICE_FAMILY = "1,2";
				TEST_HOST = "$(BUILT_PRODUCTS_DIR)/Vacasa.app/Vacasa";
			};
			name = Release;
		};
/* End XCBuildConfiguration section */

/* Begin XCConfigurationList section */
		74C0EA89282A115A005E65A2 /* Build configuration list for PBXProject "Vacasa" */ = {
			isa = XCConfigurationList;
			buildConfigurations = (
				74C0EAA0282A1160005E65A2 /* Debug */,
				74C0EAA1282A1160005E65A2 /* Release */,
			);
			defaultConfigurationIsVisible = 0;
			defaultConfigurationName = Release;
		};
		74C0EAA2282A1160005E65A2 /* Build configuration list for PBXNativeTarget "Vacasa" */ = {
			isa = XCConfigurationList;
			buildConfigurations = (
				74C0EAA3282A1160005E65A2 /* Debug */,
				74C0EAA4282A1160005E65A2 /* Release */,
			);
			defaultConfigurationIsVisible = 0;
			defaultConfigurationName = Release;
		};
		74C0EAC7282B52F2005E65A2 /* Build configuration list for PBXNativeTarget "VacasaTests" */ = {
			isa = XCConfigurationList;
			buildConfigurations = (
				74C0EAC8282B52F2005E65A2 /* Debug */,
				74C0EAC9282B52F2005E65A2 /* Release */,
			);
			defaultConfigurationIsVisible = 0;
			defaultConfigurationName = Release;
		};
/* End XCConfigurationList section */
	};
	rootObject = 74C0EA86282A115A005E65A2 /* Project object */;
}
